
Microsoft Visual Studio Solution File, Format Version 12.00
# Visual Studio Version 17
VisualStudioVersion = 17.0.32112.339
MinimumVisualStudioVersion = 10.0.40219.1
Project("{9A19103F-16F7-4668-BE54-9A1E7A4F7556}") = "MICExtended", "MICExtended\MICExtended.csproj", "{CF83342D-AA44-4F71-AAB4-76006F617A09}"
EndProject
Project("{FAE04EC0-301F-11D3-BF4B-00C04F79EFBC}") = "MICExtended.Test", "MICExtended.Test\MICExtended.Test.csproj", "{5B663CE7-EF94-4398-947B-280E4F7A60D0}"
EndProject
Global
	GlobalSection(SolutionConfigurationPlatforms) = preSolution
		Debug|Any CPU = Debug|Any CPU
		Release|Any CPU = Release|Any CPU
	EndGlobalSection
	GlobalSection(ProjectConfigurationPlatforms) = postSolution
		{CF83342D-AA44-4F71-AAB4-76006F617A09}.Debug|Any CPU.ActiveCfg = Debug|Any CPU
		{CF83342D-AA44-4F71-AAB4-76006F617A09}.Debug|Any CPU.Build.0 = Debug|Any CPU
		{CF83342D-AA44-4F71-AAB4-76006F617A09}.Release|Any CPU.ActiveCfg = Release|Any CPU
		{CF83342D-AA44-4F71-AAB4-76006F617A09}.Release|Any CPU.Build.0 = Release|Any CPU
		{5B663CE7-EF94-4398-947B-280E4F7A60D0}.Debug|Any CPU.ActiveCfg = Debug|Any CPU
		{5B663CE7-EF94-4398-947B-280E4F7A60D0}.Debug|Any CPU.Build.0 = Debug|Any CPU
		{5B663CE7-EF94-4398-947B-280E4F7A60D0}.Release|Any CPU.ActiveCfg = Release|Any CPU
		{5B663CE7-EF94-4398-947B-280E4F7A60D0}.Release|Any CPU.Build.0 = Release|Any CPU
	EndGlobalSection
	GlobalSection(SolutionProperties) = preSolution
		HideSolutionNode = FALSE
	EndGlobalSection
	GlobalSection(ExtensibilityGlobals) = postSolution
		SolutionGuid = {55B057AE-2220-447D-85C7-CB9D9C41BF2A}
	EndGlobalSection
EndGlobal
